{
  "name": "plant-swap",
  "version": "1.0.0",
  "lockfileVersion": 3,
  "requires": true,
  "packages": {
    "": {
      "name": "plant-swap",
      "version": "1.0.0",
      "hasInstallScript": true,
      "license": "ISC",
      "dependencies": {
        "express-validator": "^7.0.1",
        "lodash": "^4.17.21",
        "react-icons": "^5.1.0",
        "validator": "^13.11.0"
      },
      "devDependencies": {}
    },
    "node_modules/express-validator": {
      "version": "7.0.1",
      "resolved": "https://registry.npmjs.org/express-validator/-/express-validator-7.0.1.tgz",
      "integrity": "sha512-oB+z9QOzQIE8FnlINqyIFA8eIckahC6qc8KtqLdLJcU3/phVyuhXH3bA4qzcrhme+1RYaCSwrq+TlZ/kAKIARA==",
      "dependencies": {
        "lodash": "^4.17.21",
        "validator": "^13.9.0"
      },
      "engines": {
        "node": ">= 8.0.0"
      }
    },
    "node_modules/js-tokens": {
      "version": "4.0.0",
      "resolved": "https://registry.npmjs.org/js-tokens/-/js-tokens-4.0.0.tgz",
      "integrity": "sha512-RdJUflcE3cUzKiMqQgsCu06FPu9UdIJO0beYbPhHN4k6apgJtifcoCtT9bcxOpYBtpD2kCM6Sbzg4CausW/PKQ==",
      "peer": true
    },
    "node_modules/lodash": {
      "version": "4.17.21",
      "resolved": "https://registry.npmjs.org/lodash/-/lodash-4.17.21.tgz",
      "integrity": "sha512-v2kDEe57lecTulaDIuNTPy3Ry4gLGJ6Z1O3vE1krgXZNrsQ+LFTGHVxVjcXPs17LhbZVGedAJv8XZ1tvj5FvSg=="
    },
    "node_modules/loose-envify": {
      "version": "1.4.0",
      "resolved": "https://registry.npmjs.org/loose-envify/-/loose-envify-1.4.0.tgz",
      "integrity": "sha512-lyuxPGr/Wfhrlem2CL/UcnUc1zcqKAImBDzukY7Y5F/yQiNdko6+fRLevlw1HgMySw7f611UIY408EtxRSoK3Q==",
      "peer": true,
      "dependencies": {
        "js-tokens": "^3.0.0 || ^4.0.0"
      },
      "bin": {
        "loose-envify": "cli.js"
      }
    },
    "node_modules/react": {
      "version": "18.2.0",
      "resolved": "https://registry.npmjs.org/react/-/react-18.2.0.tgz",
      "integrity": "sha512-/3IjMdb2L9QbBdWiW5e3P2/npwMBaU9mHCSCUzNln0ZCYbcfTsGbTJrU/kGemdH2IWmB2ioZ+zkxtmq6g09fGQ==",
      "peer": true,
      "dependencies": {
        "loose-envify": "^1.1.0"
      },
      "engines": {
        "node": ">=0.10.0"
      }
    },
    "node_modules/react-icons": {
      "version": "5.1.0",
      "resolved": "https://registry.npmjs.org/react-icons/-/react-icons-5.1.0.tgz",
      "integrity": "sha512-D3zug1270S4hbSlIRJ0CUS97QE1yNNKDjzQe3HqY0aefp2CBn9VgzgES27sRR2gOvFK+0CNx/BW0ggOESp6fqQ==",
      "peerDependencies": {
        "react": "*"
      }
    },
    "node_modules/validator": {
      "version": "13.11.0",
      "resolved": "https://registry.npmjs.org/validator/-/validator-13.11.0.tgz",
      "integrity": "sha512-Ii+sehpSfZy+At5nPdnyMhx78fEoPDkR2XW/zimHEL3MyGJQOCQ7WeP20jPYRz7ZCpcKLB21NxuXHF3bxjStBQ==",
      "engines": {
        "node": ">= 0.10"
      }
    }
  }
}
